
Microsoft Visual Studio Solution File, Format Version 12.00
# Visual Studio Version 17
VisualStudioVersion = 17.7.34031.279
MinimumVisualStudioVersion = 10.0.40219.1
Project("{9A19103F-16F7-4668-BE54-9A1E7A4F7556}") = "WebCiro", "WebCiro\WebCiro.csproj", "{D4EFB5CC-816C-48A2-920E-661B90447121}"
EndProject
Project("{2150E333-8FDC-42A3-9474-1A3956D46DE8}") = "Services", "Services", "{7613FF14-5D64-46F1-8B56-5816EF4988CC}"
EndProject
Project("{2150E333-8FDC-42A3-9474-1A3956D46DE8}") = "src", "src", "{90519A4D-0D2D-4CD2-86C4-DF1B2C68A8DA}"
EndProject
Project("{2150E333-8FDC-42A3-9474-1A3956D46DE8}") = "Core", "Core", "{78E65DDD-CA04-4414-B797-5CA4B7B86FD5}"
EndProject
Project("{2150E333-8FDC-42A3-9474-1A3956D46DE8}") = "External", "External", "{6E03E111-B539-4E7F-AD1F-52B35EA029A2}"
EndProject
Project("{FAE04EC0-301F-11D3-BF4B-00C04F79EFBC}") = "WebCiro.Application", "Services\src\Core\WebCiro.Application\WebCiro.Application.csproj", "{F6D1D1C0-9CA0-42EF-B3DD-416E150D8768}"
EndProject
Project("{FAE04EC0-301F-11D3-BF4B-00C04F79EFBC}") = "WebCiro.Domain", "Services\src\Core\WebCiro.Domain\WebCiro.Domain.csproj", "{D1A0913D-4246-412D-9B32-4AC2147CB2EA}"
EndProject
Project("{FAE04EC0-301F-11D3-BF4B-00C04F79EFBC}") = "WebCiro.Infrasturcture", "Services\src\External\WebCiro.Infrasturcture\WebCiro.Infrasturcture.csproj", "{3E6BD04F-1BA2-42CF-BBC2-2FFEC74775EA}"
EndProject
Project("{FAE04EC0-301F-11D3-BF4B-00C04F79EFBC}") = "WebCiro.Persistance", "Services\src\External\WebCiro.Persistance\WebCiro.Persistance.csproj", "{1CB53B23-115B-492F-B6BA-B2A14A8E3AF8}"
EndProject
Project("{FAE04EC0-301F-11D3-BF4B-00C04F79EFBC}") = "WebCiro.Presentation", "Services\src\External\WebCiro.Presentation\WebCiro.Presentation.csproj", "{D73BAF98-11D3-4540-877D-ADAFFFB7ED38}"
EndProject
Project("{2150E333-8FDC-42A3-9474-1A3956D46DE8}") = "Test", "Test", "{62333C06-3F06-41D6-8550-ECB887D278C6}"
EndProject
Project("{2150E333-8FDC-42A3-9474-1A3956D46DE8}") = "WebApi", "WebApi", "{2AA568F6-9080-4A9A-B0FD-494B295DE101}"
EndProject
Project("{FAE04EC0-301F-11D3-BF4B-00C04F79EFBC}") = "WebCiro.WebApi", "Services\src\WebApi\WebCiro.WebApi\WebCiro.WebApi.csproj", "{C919A516-B4CB-45E8-AE42-B826E84F95CE}"
EndProject
Global
	GlobalSection(SolutionConfigurationPlatforms) = preSolution
		Debug|Any CPU = Debug|Any CPU
		Release|Any CPU = Release|Any CPU
	EndGlobalSection
	GlobalSection(ProjectConfigurationPlatforms) = postSolution
		{D4EFB5CC-816C-48A2-920E-661B90447121}.Debug|Any CPU.ActiveCfg = Debug|Any CPU
		{D4EFB5CC-816C-48A2-920E-661B90447121}.Debug|Any CPU.Build.0 = Debug|Any CPU
		{D4EFB5CC-816C-48A2-920E-661B90447121}.Release|Any CPU.ActiveCfg = Release|Any CPU
		{D4EFB5CC-816C-48A2-920E-661B90447121}.Release|Any CPU.Build.0 = Release|Any CPU
		{F6D1D1C0-9CA0-42EF-B3DD-416E150D8768}.Debug|Any CPU.ActiveCfg = Debug|Any CPU
		{F6D1D1C0-9CA0-42EF-B3DD-416E150D8768}.Debug|Any CPU.Build.0 = Debug|Any CPU
		{F6D1D1C0-9CA0-42EF-B3DD-416E150D8768}.Release|Any CPU.ActiveCfg = Release|Any CPU
		{F6D1D1C0-9CA0-42EF-B3DD-416E150D8768}.Release|Any CPU.Build.0 = Release|Any CPU
		{D1A0913D-4246-412D-9B32-4AC2147CB2EA}.Debug|Any CPU.ActiveCfg = Debug|Any CPU
		{D1A0913D-4246-412D-9B32-4AC2147CB2EA}.Debug|Any CPU.Build.0 = Debug|Any CPU
		{D1A0913D-4246-412D-9B32-4AC2147CB2EA}.Release|Any CPU.ActiveCfg = Release|Any CPU
		{D1A0913D-4246-412D-9B32-4AC2147CB2EA}.Release|Any CPU.Build.0 = Release|Any CPU
		{3E6BD04F-1BA2-42CF-BBC2-2FFEC74775EA}.Debug|Any CPU.ActiveCfg = Debug|Any CPU
		{3E6BD04F-1BA2-42CF-BBC2-2FFEC74775EA}.Debug|Any CPU.Build.0 = Debug|Any CPU
		{3E6BD04F-1BA2-42CF-BBC2-2FFEC74775EA}.Release|Any CPU.ActiveCfg = Release|Any CPU
		{3E6BD04F-1BA2-42CF-BBC2-2FFEC74775EA}.Release|Any CPU.Build.0 = Release|Any CPU
		{1CB53B23-115B-492F-B6BA-B2A14A8E3AF8}.Debug|Any CPU.ActiveCfg = Debug|Any CPU
		{1CB53B23-115B-492F-B6BA-B2A14A8E3AF8}.Debug|Any CPU.Build.0 = Debug|Any CPU
		{1CB53B23-115B-492F-B6BA-B2A14A8E3AF8}.Release|Any CPU.ActiveCfg = Release|Any CPU
		{1CB53B23-115B-492F-B6BA-B2A14A8E3AF8}.Release|Any CPU.Build.0 = Release|Any CPU
		{D73BAF98-11D3-4540-877D-ADAFFFB7ED38}.Debug|Any CPU.ActiveCfg = Debug|Any CPU
		{D73BAF98-11D3-4540-877D-ADAFFFB7ED38}.Debug|Any CPU.Build.0 = Debug|Any CPU
		{D73BAF98-11D3-4540-877D-ADAFFFB7ED38}.Release|Any CPU.ActiveCfg = Release|Any CPU
		{D73BAF98-11D3-4540-877D-ADAFFFB7ED38}.Release|Any CPU.Build.0 = Release|Any CPU
		{C919A516-B4CB-45E8-AE42-B826E84F95CE}.Debug|Any CPU.ActiveCfg = Debug|Any CPU
		{C919A516-B4CB-45E8-AE42-B826E84F95CE}.Debug|Any CPU.Build.0 = Debug|Any CPU
		{C919A516-B4CB-45E8-AE42-B826E84F95CE}.Release|Any CPU.ActiveCfg = Release|Any CPU
		{C919A516-B4CB-45E8-AE42-B826E84F95CE}.Release|Any CPU.Build.0 = Release|Any CPU
	EndGlobalSection
	GlobalSection(SolutionProperties) = preSolution
		HideSolutionNode = FALSE
	EndGlobalSection
	GlobalSection(NestedProjects) = preSolution
		{90519A4D-0D2D-4CD2-86C4-DF1B2C68A8DA} = {7613FF14-5D64-46F1-8B56-5816EF4988CC}
		{78E65DDD-CA04-4414-B797-5CA4B7B86FD5} = {90519A4D-0D2D-4CD2-86C4-DF1B2C68A8DA}
		{6E03E111-B539-4E7F-AD1F-52B35EA029A2} = {90519A4D-0D2D-4CD2-86C4-DF1B2C68A8DA}
		{F6D1D1C0-9CA0-42EF-B3DD-416E150D8768} = {78E65DDD-CA04-4414-B797-5CA4B7B86FD5}
		{D1A0913D-4246-412D-9B32-4AC2147CB2EA} = {78E65DDD-CA04-4414-B797-5CA4B7B86FD5}
		{3E6BD04F-1BA2-42CF-BBC2-2FFEC74775EA} = {6E03E111-B539-4E7F-AD1F-52B35EA029A2}
		{1CB53B23-115B-492F-B6BA-B2A14A8E3AF8} = {6E03E111-B539-4E7F-AD1F-52B35EA029A2}
		{D73BAF98-11D3-4540-877D-ADAFFFB7ED38} = {6E03E111-B539-4E7F-AD1F-52B35EA029A2}
		{2AA568F6-9080-4A9A-B0FD-494B295DE101} = {90519A4D-0D2D-4CD2-86C4-DF1B2C68A8DA}
		{C919A516-B4CB-45E8-AE42-B826E84F95CE} = {2AA568F6-9080-4A9A-B0FD-494B295DE101}
	EndGlobalSection
	GlobalSection(ExtensibilityGlobals) = postSolution
		SolutionGuid = {50839BAC-5D3E-4DC4-8433-90F9FD355970}
	EndGlobalSection
EndGlobal
